
Microsoft Visual Studio Solution File, Format Version 12.00
# Visual Studio 15
VisualStudioVersion = 15.0.26228.4
MinimumVisualStudioVersion = 10.0.40219.1
Project("{FAE04EC0-301F-11D3-BF4B-00C04F79EFBC}") = "MyEvernote.WebApp", "MyEvernote.WebApp\MyEvernote.WebApp.csproj", "{E346E360-4D2E-4CBC-B75D-79B3EADD072B}"
EndProject
Project("{FAE04EC0-301F-11D3-BF4B-00C04F79EFBC}") = "MyEvernote.DataAccessLayer", "MyEvernote.DataAccessLayer\MyEvernote.DataAccessLayer.csproj", "{77C695AE-A2D2-4401-B656-2D1150C63DD3}"
EndProject
Project("{FAE04EC0-301F-11D3-BF4B-00C04F79EFBC}") = "MyEvernote.BusinessLayer", "MyEvernote.BusinessLayer\MyEvernote.BusinessLayer.csproj", "{C513AB7C-25DF-4131-9AA4-2EA4847D9736}"
EndProject
Project("{FAE04EC0-301F-11D3-BF4B-00C04F79EFBC}") = "MyEvernote.Entities", "MyEvernote.Entities\MyEvernote.Entities.csproj", "{BC3E41FB-D237-49F1-9E4C-A09C595F6AC2}"
EndProject
Project("{FAE04EC0-301F-11D3-BF4B-00C04F79EFBC}") = "MyEvernote.Common", "MyEvernote.Common\MyEvernote.Common.csproj", "{6762279B-A57E-46DD-8C40-70285CBE1AD0}"
EndProject
Project("{FAE04EC0-301F-11D3-BF4B-00C04F79EFBC}") = "MyEvernote.Core", "MyEvernote.Core\MyEvernote.Core.csproj", "{EC36937F-1B5D-404B-AD27-B2367E4463D8}"
EndProject
Global
	GlobalSection(SolutionConfigurationPlatforms) = preSolution
		Debug|Any CPU = Debug|Any CPU
		Release|Any CPU = Release|Any CPU
	EndGlobalSection
	GlobalSection(ProjectConfigurationPlatforms) = postSolution
		{E346E360-4D2E-4CBC-B75D-79B3EADD072B}.Debug|Any CPU.ActiveCfg = Debug|Any CPU
		{E346E360-4D2E-4CBC-B75D-79B3EADD072B}.Debug|Any CPU.Build.0 = Debug|Any CPU
		{E346E360-4D2E-4CBC-B75D-79B3EADD072B}.Release|Any CPU.ActiveCfg = Release|Any CPU
		{E346E360-4D2E-4CBC-B75D-79B3EADD072B}.Release|Any CPU.Build.0 = Release|Any CPU
		{77C695AE-A2D2-4401-B656-2D1150C63DD3}.Debug|Any CPU.ActiveCfg = Debug|Any CPU
		{77C695AE-A2D2-4401-B656-2D1150C63DD3}.Debug|Any CPU.Build.0 = Debug|Any CPU
		{77C695AE-A2D2-4401-B656-2D1150C63DD3}.Release|Any CPU.ActiveCfg = Release|Any CPU
		{77C695AE-A2D2-4401-B656-2D1150C63DD3}.Release|Any CPU.Build.0 = Release|Any CPU
		{C513AB7C-25DF-4131-9AA4-2EA4847D9736}.Debug|Any CPU.ActiveCfg = Debug|Any CPU
		{C513AB7C-25DF-4131-9AA4-2EA4847D9736}.Debug|Any CPU.Build.0 = Debug|Any CPU
		{C513AB7C-25DF-4131-9AA4-2EA4847D9736}.Release|Any CPU.ActiveCfg = Release|Any CPU
		{C513AB7C-25DF-4131-9AA4-2EA4847D9736}.Release|Any CPU.Build.0 = Release|Any CPU
		{BC3E41FB-D237-49F1-9E4C-A09C595F6AC2}.Debug|Any CPU.ActiveCfg = Debug|Any CPU
		{BC3E41FB-D237-49F1-9E4C-A09C595F6AC2}.Debug|Any CPU.Build.0 = Debug|Any CPU
		{BC3E41FB-D237-49F1-9E4C-A09C595F6AC2}.Release|Any CPU.ActiveCfg = Release|Any CPU
		{BC3E41FB-D237-49F1-9E4C-A09C595F6AC2}.Release|Any CPU.Build.0 = Release|Any CPU
		{6762279B-A57E-46DD-8C40-70285CBE1AD0}.Debug|Any CPU.ActiveCfg = Debug|Any CPU
		{6762279B-A57E-46DD-8C40-70285CBE1AD0}.Debug|Any CPU.Build.0 = Debug|Any CPU
		{6762279B-A57E-46DD-8C40-70285CBE1AD0}.Release|Any CPU.ActiveCfg = Release|Any CPU
		{6762279B-A57E-46DD-8C40-70285CBE1AD0}.Release|Any CPU.Build.0 = Release|Any CPU
		{EC36937F-1B5D-404B-AD27-B2367E4463D8}.Debug|Any CPU.ActiveCfg = Debug|Any CPU
		{EC36937F-1B5D-404B-AD27-B2367E4463D8}.Debug|Any CPU.Build.0 = Debug|Any CPU
		{EC36937F-1B5D-404B-AD27-B2367E4463D8}.Release|Any CPU.ActiveCfg = Release|Any CPU
		{EC36937F-1B5D-404B-AD27-B2367E4463D8}.Release|Any CPU.Build.0 = Release|Any CPU
	EndGlobalSection
	GlobalSection(SolutionProperties) = preSolution
		HideSolutionNode = FALSE
	EndGlobalSection
EndGlobal
